
Microsoft Visual Studio Solution File, Format Version 12.00
# Visual Studio 15
VisualStudioVersion = 15.0.26730.16
MinimumVisualStudioVersion = 10.0.40219.1
Project("{FAE04EC0-301F-11D3-BF4B-00C04F79EFBC}") = "VodAdsBlocker", "VodAdsBlocker\VodAdsBlocker.csproj", "{B9911101-E519-4B99-A56E-48426934ECCC}"
EndProject
Global
	GlobalSection(SolutionConfigurationPlatforms) = preSolution
		Debug|Any CPU = Debug|Any CPU
		Debug|x86 = Debug|x86
		Release|Any CPU = Release|Any CPU
		Release|x86 = Release|x86
	EndGlobalSection
	GlobalSection(ProjectConfigurationPlatforms) = postSolution
		{B9911101-E519-4B99-A56E-48426934ECCC}.Debug|Any CPU.ActiveCfg = Debug|Any CPU
		{B9911101-E519-4B99-A56E-48426934ECCC}.Debug|Any CPU.Build.0 = Debug|Any CPU
		{B9911101-E519-4B99-A56E-48426934ECCC}.Debug|x86.ActiveCfg = Debug|Any CPU
		{B9911101-E519-4B99-A56E-48426934ECCC}.Debug|x86.Build.0 = Debug|Any CPU
		{B9911101-E519-4B99-A56E-48426934ECCC}.Release|Any CPU.ActiveCfg = Release|Any CPU
		{B9911101-E519-4B99-A56E-48426934ECCC}.Release|Any CPU.Build.0 = Release|Any CPU
		{B9911101-E519-4B99-A56E-48426934ECCC}.Release|x86.ActiveCfg = Release|Any CPU
		{B9911101-E519-4B99-A56E-48426934ECCC}.Release|x86.Build.0 = Release|Any CPU
	EndGlobalSection
	GlobalSection(SolutionProperties) = preSolution
		HideSolutionNode = FALSE
	EndGlobalSection
	GlobalSection(ExtensibilityGlobals) = postSolution
		SolutionGuid = {5F0CD280-3C74-4050-859F-E001BC5EFC9A}
	EndGlobalSection
EndGlobal
